// !$*UTF8*$!
{
	archiveVersion = 1;
	classes = {
	};
	objectVersion = 50;
	objects = {

/* Begin PBXBuildFile section */
		340D368426396C9500BE7713 /* AppDelegate.swift in Sources */ = {isa = PBXBuildFile; fileRef = 340D368326396C9500BE7713 /* AppDelegate.swift */; };
		340D368626396C9500BE7713 /* SceneDelegate.swift in Sources */ = {isa = PBXBuildFile; fileRef = 340D368526396C9500BE7713 /* SceneDelegate.swift */; };
		340D368826396C9500BE7713 /* ViewController.swift in Sources */ = {isa = PBXBuildFile; fileRef = 340D368726396C9500BE7713 /* ViewController.swift */; };
		340D368B26396C9500BE7713 /* Main.storyboard in Resources */ = {isa = PBXBuildFile; fileRef = 340D368926396C9500BE7713 /* Main.storyboard */; };
		340D368D26396C9600BE7713 /* Assets.xcassets in Resources */ = {isa = PBXBuildFile; fileRef = 340D368C26396C9600BE7713 /* Assets.xcassets */; };
		340D369026396C9600BE7713 /* LaunchScreen.storyboard in Resources */ = {isa = PBXBuildFile; fileRef = 340D368E26396C9600BE7713 /* LaunchScreen.storyboard */; };
		340D369B26396C9600BE7713 /* LabGitTestTests.swift in Sources */ = {isa = PBXBuildFile; fileRef = 340D369A26396C9600BE7713 /* LabGitTestTests.swift */; };
		340D36A626396C9600BE7713 /* LabGitTestUITests.swift in Sources */ = {isa = PBXBuildFile; fileRef = 340D36A526396C9600BE7713 /* LabGitTestUITests.swift */; };
		340D36B726396E3D00BE7713 /* Tabl1TableViewController.swift in Sources */ = {isa = PBXBuildFile; fileRef = 340D36B626396E3D00BE7713 /* Tabl1TableViewController.swift */; };
/* End PBXBuildFile section */

/* Begin PBXContainerItemProxy section */
		340D369726396C9600BE7713 /* PBXContainerItemProxy */ = {
			isa = PBXContainerItemProxy;
			containerPortal = 340D367826396C9500BE7713 /* Project object */;
			proxyType = 1;
			remoteGlobalIDString = 340D367F26396C9500BE7713;
			remoteInfo = LabGitTest;
		};
		340D36A226396C9600BE7713 /* PBXContainerItemProxy */ = {
			isa = PBXContainerItemProxy;
			containerPortal = 340D367826396C9500BE7713 /* Project object */;
			proxyType = 1;
			remoteGlobalIDString = 340D367F26396C9500BE7713;
			remoteInfo = LabGitTest;
		};
/* End PBXContainerItemProxy section */

/* Begin PBXFileReference section */
		340D368026396C9500BE7713 /* LabGitTest.app */ = {isa = PBXFileReference; explicitFileType = wrapper.application; includeInIndex = 0; path = LabGitTest.app; sourceTree = BUILT_PRODUCTS_DIR; };
		340D368326396C9500BE7713 /* AppDelegate.swift */ = {isa = PBXFileReference; lastKnownFileType = sourcecode.swift; path = AppDelegate.swift; sourceTree = "<group>"; };
		340D368526396C9500BE7713 /* SceneDelegate.swift */ = {isa = PBXFileReference; lastKnownFileType = sourcecode.swift; path = SceneDelegate.swift; sourceTree = "<group>"; };
		340D368726396C9500BE7713 /* ViewController.swift */ = {isa = PBXFileReference; lastKnownFileType = sourcecode.swift; path = ViewController.swift; sourceTree = "<group>"; };
		340D368A26396C9500BE7713 /* Base */ = {isa = PBXFileReference; lastKnownFileType = file.storyboard; name = Base; path = Base.lproj/Main.storyboard; sourceTree = "<group>"; };
		340D368C26396C9600BE7713 /* Assets.xcassets */ = {isa = PBXFileReference; lastKnownFileType = folder.assetcatalog; path = Assets.xcassets; sourceTree = "<group>"; };
		340D368F26396C9600BE7713 /* Base */ = {isa = PBXFileReference; lastKnownFileType = file.storyboard; name = Base; path = Base.lproj/LaunchScreen.storyboard; sourceTree = "<group>"; };
		340D369126396C9600BE7713 /* Info.plist */ = {isa = PBXFileReference; lastKnownFileType = text.plist.xml; path = Info.plist; sourceTree = "<group>"; };
		340D369626396C9600BE7713 /* LabGitTestTests.xctest */ = {isa = PBXFileReference; explicitFileType = wrapper.cfbundle; includeInIndex = 0; path = LabGitTestTests.xctest; sourceTree = BUILT_PRODUCTS_DIR; };
		340D369A26396C9600BE7713 /* LabGitTestTests.swift */ = {isa = PBXFileReference; lastKnownFileType = sourcecode.swift; path = LabGitTestTests.swift; sourceTree = "<group>"; };
		340D369C26396C9600BE7713 /* Info.plist */ = {isa = PBXFileReference; lastKnownFileType = text.plist.xml; path = Info.plist; sourceTree = "<group>"; };
		340D36A126396C9600BE7713 /* LabGitTestUITests.xctest */ = {isa = PBXFileReference; explicitFileType = wrapper.cfbundle; includeInIndex = 0; path = LabGitTestUITests.xctest; sourceTree = BUILT_PRODUCTS_DIR; };
		340D36A526396C9600BE7713 /* LabGitTestUITests.swift */ = {isa = PBXFileReference; lastKnownFileType = sourcecode.swift; path = LabGitTestUITests.swift; sourceTree = "<group>"; };
		340D36A726396C9600BE7713 /* Info.plist */ = {isa = PBXFileReference; lastKnownFileType = text.plist.xml; path = Info.plist; sourceTree = "<group>"; };
		340D36B626396E3D00BE7713 /* Tabl1TableViewController.swift */ = {isa = PBXFileReference; lastKnownFileType = sourcecode.swift; path = Tabl1TableViewController.swift; sourceTree = "<group>"; };
/* End PBXFileReference section */

/* Begin PBXFrameworksBuildPhase section */
		340D367D26396C9500BE7713 /* Frameworks */ = {
			isa = PBXFrameworksBuildPhase;
			buildActionMask = 2147483647;
			files = (
			);
			runOnlyForDeploymentPostprocessing = 0;
		};
		340D369326396C9600BE7713 /* Frameworks */ = {
			isa = PBXFrameworksBuildPhase;
			buildActionMask = 2147483647;
			files = (
			);
			runOnlyForDeploymentPostprocessing = 0;
		};
		340D369E26396C9600BE7713 /* Frameworks */ = {
			isa = PBXFrameworksBuildPhase;
			buildActionMask = 2147483647;
			files = (
			);
			runOnlyForDeploymentPostprocessing = 0;
		};
/* End PBXFrameworksBuildPhase section */

/* Begin PBXGroup section */
		340D367726396C9500BE7713 = {
			isa = PBXGroup;
			children = (
				340D368226396C9500BE7713 /* LabGitTest */,
				340D369926396C9600BE7713 /* LabGitTestTests */,
				340D36A426396C9600BE7713 /* LabGitTestUITests */,
				340D368126396C9500BE7713 /* Products */,
			);
			sourceTree = "<group>";
		};
		340D368126396C9500BE7713 /* Products */ = {
			isa = PBXGroup;
			children = (
				340D368026396C9500BE7713 /* LabGitTest.app */,
				340D369626396C9600BE7713 /* LabGitTestTests.xctest */,
				340D36A126396C9600BE7713 /* LabGitTestUITests.xctest */,
			);
			name = Products;
			sourceTree = "<group>";
		};
		340D368226396C9500BE7713 /* LabGitTest */ = {
			isa = PBXGroup;
			children = (
				340D368326396C9500BE7713 /* AppDelegate.swift */,
				340D368526396C9500BE7713 /* SceneDelegate.swift */,
				340D368726396C9500BE7713 /* ViewController.swift */,
				340D368926396C9500BE7713 /* Main.storyboard */,
				340D36B626396E3D00BE7713 /* Tabl1TableViewController.swift */,
				340D368C26396C9600BE7713 /* Assets.xcassets */,
				340D368E26396C9600BE7713 /* LaunchScreen.storyboard */,
				340D369126396C9600BE7713 /* Info.plist */,
			);
			path = LabGitTest;
			sourceTree = "<group>";
		};
		340D369926396C9600BE7713 /* LabGitTestTests */ = {
			isa = PBXGroup;
			children = (
				340D369A26396C9600BE7713 /* LabGitTestTests.swift */,
				340D369C26396C9600BE7713 /* Info.plist */,
			);
			path = LabGitTestTests;
			sourceTree = "<group>";
		};
		340D36A426396C9600BE7713 /* LabGitTestUITests */ = {
			isa = PBXGroup;
			children = (
				340D36A526396C9600BE7713 /* LabGitTestUITests.swift */,
				340D36A726396C9600BE7713 /* Info.plist */,
			);
			path = LabGitTestUITests;
			sourceTree = "<group>";
		};
/* End PBXGroup section */

/* Begin PBXNativeTarget section */
		340D367F26396C9500BE7713 /* LabGitTest */ = {
			isa = PBXNativeTarget;
			buildConfigurationList = 340D36AA26396C9600BE7713 /* Build configuration list for PBXNativeTarget "LabGitTest" */;
			buildPhases = (
				340D367C26396C9500BE7713 /* Sources */,
				340D367D26396C9500BE7713 /* Frameworks */,
				340D367E26396C9500BE7713 /* Resources */,
			);
			buildRules = (
			);
			dependencies = (
			);
			name = LabGitTest;
			productName = LabGitTest;
			productReference = 340D368026396C9500BE7713 /* LabGitTest.app */;
			productType = "com.apple.product-type.application";
		};
		340D369526396C9600BE7713 /* LabGitTestTests */ = {
			isa = PBXNativeTarget;
			buildConfigurationList = 340D36AD26396C9600BE7713 /* Build configuration list for PBXNativeTarget "LabGitTestTests" */;
			buildPhases = (
				340D369226396C9600BE7713 /* Sources */,
				340D369326396C9600BE7713 /* Frameworks */,
				340D369426396C9600BE7713 /* Resources */,
			);
			buildRules = (
			);
			dependencies = (
				340D369826396C9600BE7713 /* PBXTargetDependency */,
			);
			name = LabGitTestTests;
			productName = LabGitTestTests;
			productReference = 340D369626396C9600BE7713 /* LabGitTestTests.xctest */;
			productType = "com.apple.product-type.bundle.unit-test";
		};
		340D36A026396C9600BE7713 /* LabGitTestUITests */ = {
			isa = PBXNativeTarget;
			buildConfigurationList = 340D36B026396C9600BE7713 /* Build configuration list for PBXNativeTarget "LabGitTestUITests" */;
			buildPhases = (
				340D369D26396C9600BE7713 /* Sources */,
				340D369E26396C9600BE7713 /* Frameworks */,
				340D369F26396C9600BE7713 /* Resources */,
			);
			buildRules = (
			);
			dependencies = (
				340D36A326396C9600BE7713 /* PBXTargetDependency */,
			);
			name = LabGitTestUITests;
			productName = LabGitTestUITests;
			productReference = 340D36A126396C9600BE7713 /* LabGitTestUITests.xctest */;
			productType = "com.apple.product-type.bundle.ui-testing";
		};
/* End PBXNativeTarget section */

/* Begin PBXProject section */
		340D367826396C9500BE7713 /* Project object */ = {
			isa = PBXProject;
			attributes = {
				LastSwiftUpdateCheck = 1240;
				LastUpgradeCheck = 1240;
				TargetAttributes = {
					340D367F26396C9500BE7713 = {
						CreatedOnToolsVersion = 12.4;
					};
					340D369526396C9600BE7713 = {
						CreatedOnToolsVersion = 12.4;
						TestTargetID = 340D367F26396C9500BE7713;
					};
					340D36A026396C9600BE7713 = {
						CreatedOnToolsVersion = 12.4;
						TestTargetID = 340D367F26396C9500BE7713;
					};
				};
			};
			buildConfigurationList = 340D367B26396C9500BE7713 /* Build configuration list for PBXProject "LabGitTest" */;
			compatibilityVersion = "Xcode 9.3";
			developmentRegion = en;
			hasScannedForEncodings = 0;
			knownRegions = (
				en,
				Base,
			);
			mainGroup = 340D367726396C9500BE7713;
			productRefGroup = 340D368126396C9500BE7713 /* Products */;
			projectDirPath = "";
			projectRoot = "";
			targets = (
				340D367F26396C9500BE7713 /* LabGitTest */,
				340D369526396C9600BE7713 /* LabGitTestTests */,
				340D36A026396C9600BE7713 /* LabGitTestUITests */,
			);
		};
/* End PBXProject section */

/* Begin PBXResourcesBuildPhase section */
		340D367E26396C9500BE7713 /* Resources */ = {
			isa = PBXResourcesBuildPhase;
			buildActionMask = 2147483647;
			files = (
				340D369026396C9600BE7713 /* LaunchScreen.storyboard in Resources */,
				340D368D26396C9600BE7713 /* Assets.xcassets in Resources */,
				340D368B26396C9500BE7713 /* Main.storyboard in Resources */,
			);
			runOnlyForDeploymentPostprocessing = 0;
		};
		340D369426396C9600BE7713 /* Resources */ = {
			isa = PBXResourcesBuildPhase;
			buildActionMask = 2147483647;
			files = (
			);
			runOnlyForDeploymentPostprocessing = 0;
		};
		340D369F26396C9600BE7713 /* Resources */ = {
			isa = PBXResourcesBuildPhase;
			buildActionMask = 2147483647;
			files = (
			);
			runOnlyForDeploymentPostprocessing = 0;
		};
/* End PBXResourcesBuildPhase section */

/* Begin PBXSourcesBuildPhase section */
		340D367C26396C9500BE7713 /* Sources */ = {
			isa = PBXSourcesBuildPhase;
			buildActionMask = 2147483647;
			files = (
				340D36B726396E3D00BE7713 /* Tabl1TableViewController.swift in Sources */,
				340D368826396C9500BE7713 /* ViewController.swift in Sources */,
				340D368426396C9500BE7713 /* AppDelegate.swift in Sources */,
				340D368626396C9500BE7713 /* SceneDelegate.swift in Sources */,
			);
			runOnlyForDeploymentPostprocessing = 0;
		};
		340D369226396C9600BE7713 /* Sources */ = {
			isa = PBXSourcesBuildPhase;
			buildActionMask = 2147483647;
			files = (
				340D369B26396C9600BE7713 /* LabGitTestTests.swift in Sources */,
			);
			runOnlyForDeploymentPostprocessing = 0;
		};
		340D369D26396C9600BE7713 /* Sources */ = {
			isa = PBXSourcesBuildPhase;
			buildActionMask = 2147483647;
			files = (
				340D36A626396C9600BE7713 /* LabGitTestUITests.swift in Sources */,
			);
			runOnlyForDeploymentPostprocessing = 0;
		};
/* End PBXSourcesBuildPhase section */

/* Begin PBXTargetDependency section */
		340D369826396C9600BE7713 /* PBXTargetDependency */ = {
			isa = PBXTargetDependency;
			target = 340D367F26396C9500BE7713 /* LabGitTest */;
			targetProxy = 340D369726396C9600BE7713 /* PBXContainerItemProxy */;
		};
		340D36A326396C9600BE7713 /* PBXTargetDependency */ = {
			isa = PBXTargetDependency;
			target = 340D367F26396C9500BE7713 /* LabGitTest */;
			targetProxy = 340D36A226396C9600BE7713 /* PBXContainerItemProxy */;
		};
/* End PBXTargetDependency section */

/* Begin PBXVariantGroup section */
		340D368926396C9500BE7713 /* Main.storyboard */ = {
			isa = PBXVariantGroup;
			children = (
				340D368A26396C9500BE7713 /* Base */,
			);
			name = Main.storyboard;
			sourceTree = "<group>";
		};
		340D368E26396C9600BE7713 /* LaunchScreen.storyboard */ = {
			isa = PBXVariantGroup;
			children = (
				340D368F26396C9600BE7713 /* Base */,
			);
			name = LaunchScreen.storyboard;
			sourceTree = "<group>";
		};
/* End PBXVariantGroup section */

/* Begin XCBuildConfiguration section */
		340D36A826396C9600BE7713 /* Debug */ = {
			isa = XCBuildConfiguration;
			buildSettings = {
				ALWAYS_SEARCH_USER_PATHS = NO;
				CLANG_ANALYZER_NONNULL = YES;
				CLANG_ANALYZER_NUMBER_OBJECT_CONVERSION = YES_AGGRESSIVE;
				CLANG_CXX_LANGUAGE_STANDARD = "gnu++14";
				CLANG_CXX_LIBRARY = "libc++";
				CLANG_ENABLE_MODULES = YES;
				CLANG_ENABLE_OBJC_ARC = YES;
				CLANG_ENABLE_OBJC_WEAK = YES;
				CLANG_WARN_BLOCK_CAPTURE_AUTORELEASING = YES;
				CLANG_WARN_BOOL_CONVERSION = YES;
				CLANG_WARN_COMMA = YES;
				CLANG_WARN_CONSTANT_CONVERSION = YES;
				CLANG_WARN_DEPRECATED_OBJC_IMPLEMENTATIONS = YES;
				CLANG_WARN_DIRECT_OBJC_ISA_USAGE = YES_ERROR;
				CLANG_WARN_DOCUMENTATION_COMMENTS = YES;
				CLANG_WARN_EMPTY_BODY = YES;
				CLANG_WARN_ENUM_CONVERSION = YES;
				CLANG_WARN_INFINITE_RECURSION = YES;
				CLANG_WARN_INT_CONVERSION = YES;
				CLANG_WARN_NON_LITERAL_NULL_CONVERSION = YES;
				CLANG_WARN_OBJC_IMPLICIT_RETAIN_SELF = YES;
				CLANG_WARN_OBJC_LITERAL_CONVERSION = YES;
				CLANG_WARN_OBJC_ROOT_CLASS = YES_ERROR;
				CLANG_WARN_QUOTED_INCLUDE_IN_FRAMEWORK_HEADER = YES;
				CLANG_WARN_RANGE_LOOP_ANALYSIS = YES;
				CLANG_WARN_STRICT_PROTOTYPES = YES;
				CLANG_WARN_SUSPICIOUS_MOVE = YES;
				CLANG_WARN_UNGUARDED_AVAILABILITY = YES_AGGRESSIVE;
				CLANG_WARN_UNREACHABLE_CODE = YES;
				CLANG_WARN__DUPLICATE_METHOD_MATCH = YES;
				COPY_PHASE_STRIP = NO;
				DEBUG_INFORMATION_FORMAT = dwarf;
				ENABLE_STRICT_OBJC_MSGSEND = YES;
				ENABLE_TESTABILITY = YES;
				GCC_C_LANGUAGE_STANDARD = gnu11;
				GCC_DYNAMIC_NO_PIC = NO;
				GCC_NO_COMMON_BLOCKS = YES;
				GCC_OPTIMIZATION_LEVEL = 0;
				GCC_PREPROCESSOR_DEFINITIONS = (
					"DEBUG=1",
					"$(inherited)",
				);
				GCC_WARN_64_TO_32_BIT_CONVERSION = YES;
				GCC_WARN_ABOUT_RETURN_TYPE = YES_ERROR;
				GCC_WARN_UNDECLARED_SELECTOR = YES;
				GCC_WARN_UNINITIALIZED_AUTOS = YES_AGGRESSIVE;
				GCC_WARN_UNUSED_FUNCTION = YES;
				GCC_WARN_UNUSED_VARIABLE = YES;
				IPHONEOS_DEPLOYMENT_TARGET = 14.4;
				MTL_ENABLE_DEBUG_INFO = INCLUDE_SOURCE;
				MTL_FAST_MATH = YES;
				ONLY_ACTIVE_ARCH = YES;
				SDKROOT = iphoneos;
				SWIFT_ACTIVE_COMPILATION_CONDITIONS = DEBUG;
				SWIFT_OPTIMIZATION_LEVEL = "-Onone";
			};
			name = Debug;
		};
		340D36A926396C9600BE7713 /* Release */ = {
			isa = XCBuildConfiguration;
			buildSettings = {
				ALWAYS_SEARCH_USER_PATHS = NO;
				CLANG_ANALYZER_NONNULL = YES;
				CLANG_ANALYZER_NUMBER_OBJECT_CONVERSION = YES_AGGRESSIVE;
				CLANG_CXX_LANGUAGE_STANDARD = "gnu++14";
				CLANG_CXX_LIBRARY = "libc++";
				CLANG_ENABLE_MODULES = YES;
				CLANG_ENABLE_OBJC_ARC = YES;
				CLANG_ENABLE_OBJC_WEAK = YES;
				CLANG_WARN_BLOCK_CAPTURE_AUTORELEASING = YES;
				CLANG_WARN_BOOL_CONVERSION = YES;
				CLANG_WARN_COMMA = YES;
				CLANG_WARN_CONSTANT_CONVERSION = YES;
				CLANG_WARN_DEPRECATED_OBJC_IMPLEMENTATIONS = YES;
				CLANG_WARN_DIRECT_OBJC_ISA_USAGE = YES_ERROR;
				CLANG_WARN_DOCUMENTATION_COMMENTS = YES;
				CLANG_WARN_EMPTY_BODY = YES;
				CLANG_WARN_ENUM_CONVERSION = YES;
				CLANG_WARN_INFINITE_RECURSION = YES;
				CLANG_WARN_INT_CONVERSION = YES;
				CLANG_WARN_NON_LITERAL_NULL_CONVERSION = YES;
				CLANG_WARN_OBJC_IMPLICIT_RETAIN_SELF = YES;
				CLANG_WARN_OBJC_LITERAL_CONVERSION = YES;
				CLANG_WARN_OBJC_ROOT_CLASS = YES_ERROR;
				CLANG_WARN_QUOTED_INCLUDE_IN_FRAMEWORK_HEADER = YES;
				CLANG_WARN_RANGE_LOOP_ANALYSIS = YES;
				CLANG_WARN_STRICT_PROTOTYPES = YES;
				CLANG_WARN_SUSPICIOUS_MOVE = YES;
				CLANG_WARN_UNGUARDED_AVAILABILITY = YES_AGGRESSIVE;
				CLANG_WARN_UNREACHABLE_CODE = YES;
				CLANG_WARN__DUPLICATE_METHOD_MATCH = YES;
				COPY_PHASE_STRIP = NO;
				DEBUG_INFORMATION_FORMAT = "dwarf-with-dsym";
				ENABLE_NS_ASSERTIONS = NO;
				ENABLE_STRICT_OBJC_MSGSEND = YES;
				GCC_C_LANGUAGE_STANDARD = gnu11;
				GCC_NO_COMMON_BLOCKS = YES;
				GCC_WARN_64_TO_32_BIT_CONVERSION = YES;
				GCC_WARN_ABOUT_RETURN_TYPE = YES_ERROR;
				GCC_WARN_UNDECLARED_SELECTOR = YES;
				GCC_WARN_UNINITIALIZED_AUTOS = YES_AGGRESSIVE;
				GCC_WARN_UNUSED_FUNCTION = YES;
				GCC_WARN_UNUSED_VARIABLE = YES;
				IPHONEOS_DEPLOYMENT_TARGET = 14.4;
				MTL_ENABLE_DEBUG_INFO = NO;
				MTL_FAST_MATH = YES;
				SDKROOT = iphoneos;
				SWIFT_COMPILATION_MODE = wholemodule;
				SWIFT_OPTIMIZATION_LEVEL = "-O";
				VALIDATE_PRODUCT = YES;
			};
			name = Release;
		};
		340D36AB26396C9600BE7713 /* Debug */ = {
			isa = XCBuildConfiguration;
			buildSettings = {
				ASSETCATALOG_COMPILER_APPICON_NAME = AppIcon;
				ASSETCATALOG_COMPILER_GLOBAL_ACCENT_COLOR_NAME = AccentColor;
				CODE_SIGN_STYLE = Automatic;
				INFOPLIST_FILE = LabGitTest/Info.plist;
				LD_RUNPATH_SEARCH_PATHS = (
					"$(inherited)",
					"@executable_path/Frameworks",
				);
				PRODUCT_BUNDLE_IDENTIFIER = com.uts.LabGitTest;
				PRODUCT_NAME = "$(TARGET_NAME)";
				SWIFT_VERSION = 5.0;
				TARGETED_DEVICE_FAMILY = "1,2";
			};
			name = Debug;
		};
		340D36AC26396C9600BE7713 /* Release */ = {
			isa = XCBuildConfiguration;
			buildSettings = {
				ASSETCATALOG_COMPILER_APPICON_NAME = AppIcon;
				ASSETCATALOG_COMPILER_GLOBAL_ACCENT_COLOR_NAME = AccentColor;
				CODE_SIGN_STYLE = Automatic;
				INFOPLIST_FILE = LabGitTest/Info.plist;
				LD_RUNPATH_SEARCH_PATHS = (
					"$(inherited)",
					"@executable_path/Frameworks",
				);
				PRODUCT_BUNDLE_IDENTIFIER = com.uts.LabGitTest;
				PRODUCT_NAME = "$(TARGET_NAME)";
				SWIFT_VERSION = 5.0;
				TARGETED_DEVICE_FAMILY = "1,2";
			};
			name = Release;
		};
		340D36AE26396C9600BE7713 /* Debug */ = {
			isa = XCBuildConfiguration;
			buildSettings = {
				ALWAYS_EMBED_SWIFT_STANDARD_LIBRARIES = YES;
				BUNDLE_LOADER = "$(TEST_HOST)";
				CODE_SIGN_STYLE = Automatic;
				INFOPLIST_FILE = LabGitTestTests/Info.plist;
				IPHONEOS_DEPLOYMENT_TARGET = 14.4;
				LD_RUNPATH_SEARCH_PATHS = (
					"$(inherited)",
					"@executable_path/Frameworks",
					"@loader_path/Frameworks",
				);
				PRODUCT_BUNDLE_IDENTIFIER = com.uts.LabGitTestTests;
				PRODUCT_NAME = "$(TARGET_NAME)";
				SWIFT_VERSION = 5.0;
				TARGETED_DEVICE_FAMILY = "1,2";
				TEST_HOST = "$(BUILT_PRODUCTS_DIR)/LabGitTest.app/LabGitTest";
			};
			name = Debug;
		};
		340D36AF26396C9600BE7713 /* Release */ = {
			isa = XCBuildConfiguration;
			buildSettings = {
				ALWAYS_EMBED_SWIFT_STANDARD_LIBRARIES = YES;
				BUNDLE_LOADER = "$(TEST_HOST)";
				CODE_SIGN_STYLE = Automatic;
				INFOPLIST_FILE = LabGitTestTests/Info.plist;
				IPHONEOS_DEPLOYMENT_TARGET = 14.4;
				LD_RUNPATH_SEARCH_PATHS = (
					"$(inherited)",
					"@executable_path/Frameworks",
					"@loader_path/Frameworks",
				);
				PRODUCT_BUNDLE_IDENTIFIER = com.uts.LabGitTestTests;
				PRODUCT_NAME = "$(TARGET_NAME)";
				SWIFT_VERSION = 5.0;
				TARGETED_DEVICE_FAMILY = "1,2";
				TEST_HOST = "$(BUILT_PRODUCTS_DIR)/LabGitTest.app/LabGitTest";
			};
			name = Release;
		};
		340D36B126396C9600BE7713 /* Debug */ = {
			isa = XCBuildConfiguration;
			buildSettings = {
				ALWAYS_EMBED_SWIFT_STANDARD_LIBRARIES = YES;
				CODE_SIGN_STYLE = Automatic;
				INFOPLIST_FILE = LabGitTestUITests/Info.plist;
				LD_RUNPATH_SEARCH_PATHS = (
					"$(inherited)",
					"@executable_path/Frameworks",
					"@loader_path/Frameworks",
				);
				PRODUCT_BUNDLE_IDENTIFIER = com.uts.LabGitTestUITests;
				PRODUCT_NAME = "$(TARGET_NAME)";
				SWIFT_VERSION = 5.0;
				TARGETED_DEVICE_FAMILY = "1,2";
				TEST_TARGET_NAME = LabGitTest;
			};
			name = Debug;
		};
		340D36B226396C9600BE7713 /* Release */ = {
			isa = XCBuildConfiguration;
			buildSettings = {
				ALWAYS_EMBED_SWIFT_STANDARD_LIBRARIES = YES;
				CODE_SIGN_STYLE = Automatic;
				INFOPLIST_FILE = LabGitTestUITests/Info.plist;
				LD_RUNPATH_SEARCH_PATHS = (
					"$(inherited)",
					"@executable_path/Frameworks",
					"@loader_path/Frameworks",
				);
				PRODUCT_BUNDLE_IDENTIFIER = com.uts.LabGitTestUITests;
				PRODUCT_NAME = "$(TARGET_NAME)";
				SWIFT_VERSION = 5.0;
				TARGETED_DEVICE_FAMILY = "1,2";
				TEST_TARGET_NAME = LabGitTest;
			};
			name = Release;
		};
/* End XCBuildConfiguration section */

/* Begin XCConfigurationList section */
		340D367B26396C9500BE7713 /* Build configuration list for PBXProject "LabGitTest" */ = {
			isa = XCConfigurationList;
			buildConfigurations = (
				340D36A826396C9600BE7713 /* Debug */,
				340D36A926396C9600BE7713 /* Release */,
			);
			defaultConfigurationIsVisible = 0;
			defaultConfigurationName = Release;
		};
		340D36AA26396C9600BE7713 /* Build configuration list for PBXNativeTarget "LabGitTest" */ = {
			isa = XCConfigurationList;
			buildConfigurations = (
				340D36AB26396C9600BE7713 /* Debug */,
				340D36AC26396C9600BE7713 /* Release */,
			);
			defaultConfigurationIsVisible = 0;
			defaultConfigurationName = Release;
		};
		340D36AD26396C9600BE7713 /* Build configuration list for PBXNativeTarget "LabGitTestTests" */ = {
			isa = XCConfigurationList;
			buildConfigurations = (
				340D36AE26396C9600BE7713 /* Debug */,
				340D36AF26396C9600BE7713 /* Release */,
			);
			defaultConfigurationIsVisible = 0;
			defaultConfigurationName = Release;
		};
		340D36B026396C9600BE7713 /* Build configuration list for PBXNativeTarget "LabGitTestUITests" */ = {
			isa = XCConfigurationList;
			buildConfigurations = (
				340D36B126396C9600BE7713 /* Debug */,
				340D36B226396C9600BE7713 /* Release */,
			);
			defaultConfigurationIsVisible = 0;
			defaultConfigurationName = Release;
		};
/* End XCConfigurationList section */
	};
	rootObject = 340D367826396C9500BE7713 /* Project object */;
}
